<?xml version="1.0" encoding="utf-8"?>
<Project ToolsVersion="4.0" xmlns="http://schemas.microsoft.com/developer/msbuild/2003">
  <ItemGroup>
    <Filter Include="Source Files">
      <UniqueIdentifier>{4FC737F1-C7A5-4376-A066-2A32D752A2FF}</UniqueIdentifier>
      <Extensions>cpp;c;cc;cxx;c++;cppm;ixx;def;odl;idl;hpj;bat;asm;asmx</Extensions>
    </Filter>
    <Filter Include="Header Files">
      <UniqueIdentifier>{93995380-89BD-4b04-88EB-625FBE52EBFB}</UniqueIdentifier>
      <Extensions>h;hh;hpp;hxx;h++;hm;inl;inc;ipp;xsd</Extensions>
    </Filter>
    <Filter Include="Resource Files">
      <UniqueIdentifier>{67DA6AB6-F800-4c08-8B7A-83BB121AAD01}</UniqueIdentifier>
      <Extensions>rc;ico;cur;bmp;dlg;rc2;rct;bin;rgs;gif;jpg;jpeg;jpe;resx;tiff;tif;png;wav;mfcribbon-ms</Extensions>
    </Filter>
    <Filter Include="INFO">
      <UniqueIdentifier>{12e6a7e2-8e87-45b9-9062-2f9e8712650d}</UniqueIdentifier>
    </Filter>
  </ItemGroup>
  <ItemGroup>
    <ClCompile Include="Coordinates.cpp">
      <Filter>Source Files</Filter>
    </ClCompile>
    <ClCompile Include="MyRectangle.cpp">
      <Filter>Source Files</Filter>
    </ClCompile>
    <ClCompile Include="Source.cpp">
      <Filter>Source Files</Filter>
    </ClCompile>
    <ClCompile Include="MyCircle.cpp">
      <Filter>Source Files</Filter>
    </ClCompile>
    <ClCompile Include="shapes.cpp">
      <Filter>Source Files</Filter>
    </ClCompile>
    <ClCompile Include="MyGraphics.cpp">
      <Filter>Source Files</Filter>
    </ClCompile>
    <ClCompile Include="Connect.cpp">
      <Filter>Source Files</Filter>
    </ClCompile>
    <ClCompile Include="Node.cpp">
      <Filter>Source Files</Filter>
    </ClCompile>
    <ClCompile Include="BinaryTree.cpp">
      <Filter>Source Files</Filter>
    </ClCompile>
    <ClCompile Include="Colors.cpp">
      <Filter>Source Files</Filter>
    </ClCompile>
    <ClCompile Include="EasyBMP.cpp">
      <Filter>Source Files</Filter>
    </ClCompile>
    <ClCompile Include="Image.cpp">
      <Filter>Source Files</Filter>
    </ClCompile>
    <ClCompile Include="MyGraph.cpp">
      <Filter>Source Files</Filter>
    </ClCompile>
    <ClCompile Include="MyMouse.cpp">
      <Filter>Source Files</Filter>
    </ClCompile>
    <ClCompile Include="MySound.cpp">
      <Filter>Source Files</Filter>
    </ClCompile>
    <ClCompile Include="TextArt.cpp">
      <Filter>Source Files</Filter>
    </ClCompile>
    <ClCompile Include="TextDraw.cpp">
      <Filter>Source Files</Filter>
    </ClCompile>
    <ClCompile Include="TestingCodeFromVideos.cpp">
      <Filter>Source Files</Filter>
    </ClCompile>
  </ItemGroup>
  <ItemGroup>
    <ClInclude Include="Coordinates.h">
      <Filter>Header Files</Filter>
    </ClInclude>
    <ClInclude Include="MyRectangle.h">
      <Filter>Header Files</Filter>
    </ClInclude>
    <ClInclude Include="MyCircle.h">
      <Filter>Header Files</Filter>
    </ClInclude>
    <ClInclude Include="shapes.h">
      <Filter>Header Files</Filter>
    </ClInclude>
    <ClInclude Include="WindowsConsole.h">
      <Filter>Header Files</Filter>
    </ClInclude>
    <ClInclude Include="DebugHelper.h">
      <Filter>Header Files</Filter>
    </ClInclude>
    <ClInclude Include="MyGraphics.h">
      <Filter>Header Files</Filter>
    </ClInclude>
    <ClInclude Include="Connect.h">
      <Filter>Header Files</Filter>
    </ClInclude>
    <ClInclude Include="Node.h">
      <Filter>Header Files</Filter>
    </ClInclude>
    <ClInclude Include="BinaryTree.h">
      <Filter>Header Files</Filter>
    </ClInclude>
    <ClInclude Include="Colors.h">
      <Filter>Header Files</Filter>
    </ClInclude>
    <ClInclude Include="EasyBMP.h">
      <Filter>Header Files</Filter>
    </ClInclude>
    <ClInclude Include="EasyBMP_DataStructures.h">
      <Filter>Header Files</Filter>
    </ClInclude>
    <ClInclude Include="EasyBMP_VariousBMPutilities.h">
      <Filter>Header Files</Filter>
    </ClInclude>
    <ClInclude Include="EasyBMP_BMP.h">
      <Filter>Header Files</Filter>
    </ClInclude>
    <ClInclude Include="Image.h">
      <Filter>Header Files</Filter>
    </ClInclude>
    <ClInclude Include="MyGraph.h">
      <Filter>Header Files</Filter>
    </ClInclude>
    <ClInclude Include="MyMouse.h">
      <Filter>Header Files</Filter>
    </ClInclude>
    <ClInclude Include="MySound.h">
      <Filter>Header Files</Filter>
    </ClInclude>
    <ClInclude Include="TextArt.h">
      <Filter>Header Files</Filter>
    </ClInclude>
    <ClInclude Include="dirent.h">
      <Filter>Header Files</Filter>
    </ClInclude>
    <ClInclude Include="TextDraw.h">
      <Filter>Header Files</Filter>
    </ClInclude>
  </ItemGroup>
  <ItemGroup>
    <Text Include="Shapes_HowTo.txt">
      <Filter>INFO</Filter>
    </Text>
    <Text Include="CoolStuff.txt">
      <Filter>INFO</Filter>
    </Text>
    <Text Include="MyRectangle.txt">
      <Filter>INFO</Filter>
    </Text>
    <Text Include="MyCircle.txt">
      <Filter>INFO</Filter>
    </Text>
    <Text Include="MyGraphics_HowTo.txt">
      <Filter>INFO</Filter>
    </Text>
    <Text Include="Connect_HOWTO.txt">
      <Filter>INFO</Filter>
    </Text>
    <Text Include="BinaryTree_howto.txt">
      <Filter>INFO</Filter>
    </Text>
    <Text Include="Colors_HOWTO.txt">
      <Filter>INFO</Filter>
    </Text>
    <Text Include="Image_HOWTO.txt">
      <Filter>INFO</Filter>
    </Text>
    <Text Include="MyGraph_HOWTO.txt">
      <Filter>INFO</Filter>
    </Text>
    <Text Include="MyMouse_HOW.txt">
      <Filter>INFO</Filter>
    </Text>
    <Text Include="ReadingMouseClickLocation.txt">
      <Filter>INFO</Filter>
    </Text>
    <Text Include="MySound.txt">
      <Filter>INFO</Filter>
    </Text>
    <Text Include="TextArt.txt">
      <Filter>INFO</Filter>
    </Text>
    <Text Include="TextDraw.txt">
      <Filter>INFO</Filter>
    </Text>
  </ItemGroup>
</Project>